
Microsoft Visual Studio Solution File, Format Version 11.00
# Visual Studio 2010
Project("{FAE04EC0-301F-11D3-BF4B-00C04F79EFBC}") = "xEasyApp.Core", "xEasyApp.Core\xEasyApp.Core.csproj", "{4726C12F-6CA0-4D81-932E-F096C8750EB0}"
EndProject
Project("{FAE04EC0-301F-11D3-BF4B-00C04F79EFBC}") = "xEasyApp.Web", "xEasyApp.Web\xEasyApp.Web.csproj", "{2D365304-2DE4-4023-BDAB-FF74EB5804A1}"
EndProject
Project("{2150E333-8FDC-42A3-9474-1A3956D46DE8}") = "refdll", "refdll", "{1ABB026A-A3BA-4F20-8520-03FDFB1008FC}"
	ProjectSection(SolutionItems) = preProject
		refdll\StructureMap.dll = refdll\StructureMap.dll
		refdll\StructureMap.xml = refdll\StructureMap.xml
	EndProjectSection
EndProject
Global
	GlobalSection(SolutionConfigurationPlatforms) = preSolution
		Debug|Any CPU = Debug|Any CPU
		Release|Any CPU = Release|Any CPU
	EndGlobalSection
	GlobalSection(ProjectConfigurationPlatforms) = postSolution
		{4726C12F-6CA0-4D81-932E-F096C8750EB0}.Debug|Any CPU.ActiveCfg = Debug|Any CPU
		{4726C12F-6CA0-4D81-932E-F096C8750EB0}.Debug|Any CPU.Build.0 = Debug|Any CPU
		{4726C12F-6CA0-4D81-932E-F096C8750EB0}.Release|Any CPU.ActiveCfg = Release|Any CPU
		{4726C12F-6CA0-4D81-932E-F096C8750EB0}.Release|Any CPU.Build.0 = Release|Any CPU
		{2D365304-2DE4-4023-BDAB-FF74EB5804A1}.Debug|Any CPU.ActiveCfg = Debug|Any CPU
		{2D365304-2DE4-4023-BDAB-FF74EB5804A1}.Debug|Any CPU.Build.0 = Debug|Any CPU
		{2D365304-2DE4-4023-BDAB-FF74EB5804A1}.Release|Any CPU.ActiveCfg = Release|Any CPU
		{2D365304-2DE4-4023-BDAB-FF74EB5804A1}.Release|Any CPU.Build.0 = Release|Any CPU
	EndGlobalSection
	GlobalSection(SolutionProperties) = preSolution
		HideSolutionNode = FALSE
	EndGlobalSection
EndGlobal
